
Microsoft Visual Studio Solution File, Format Version 12.00
# Visual Studio Version 16
VisualStudioVersion = 16.0.31702.278
MinimumVisualStudioVersion = 10.0.40219.1
Project("{FAE04EC0-301F-11D3-BF4B-00C04F79EFBC}") = "Endless Runner", "Endless Runner\Endless Runner.csproj", "{7C53A213-059C-4BFF-816C-3F78B07E6E77}"
EndProject
Global
	GlobalSection(SolutionConfigurationPlatforms) = preSolution
		Debug|Any CPU = Debug|Any CPU
		Release|Any CPU = Release|Any CPU
	EndGlobalSection
	GlobalSection(ProjectConfigurationPlatforms) = postSolution
		{7C53A213-059C-4BFF-816C-3F78B07E6E77}.Debug|Any CPU.ActiveCfg = Debug|Any CPU
		{7C53A213-059C-4BFF-816C-3F78B07E6E77}.Debug|Any CPU.Build.0 = Debug|Any CPU
		{7C53A213-059C-4BFF-816C-3F78B07E6E77}.Release|Any CPU.ActiveCfg = Release|Any CPU
		{7C53A213-059C-4BFF-816C-3F78B07E6E77}.Release|Any CPU.Build.0 = Release|Any CPU
	EndGlobalSection
	GlobalSection(SolutionProperties) = preSolution
		HideSolutionNode = FALSE
	EndGlobalSection
	GlobalSection(ExtensibilityGlobals) = postSolution
		SolutionGuid = {F5006D2A-E44E-4BAB-A60D-9AB528B3E129}
	EndGlobalSection
EndGlobal
